
Microsoft Visual Studio Solution File, Format Version 12.00
# Visual Studio Version 17
VisualStudioVersion = 17.0.31903.59
MinimumVisualStudioVersion = 10.0.40219.1
Project("{9A19103F-16F7-4668-BE54-9A1E7A4F7556}") = "CustomerAPI_NoRepositoryPattern", "CustomerAPI_NoRepositoryPattern\CustomerAPI_NoRepositoryPattern.csproj", "{716A05C4-00DE-49AF-9958-4AE25B527A17}"
EndProject
Project("{FAE04EC0-301F-11D3-BF4B-00C04F79EFBC}") = "Models", "Models\Models.csproj", "{5DD816B5-3C7A-4D67-BF78-583B210D4F3E}"
EndProject
Global
	GlobalSection(SolutionConfigurationPlatforms) = preSolution
		Debug|Any CPU = Debug|Any CPU
		Release|Any CPU = Release|Any CPU
	EndGlobalSection
	GlobalSection(ProjectConfigurationPlatforms) = postSolution
		{716A05C4-00DE-49AF-9958-4AE25B527A17}.Debug|Any CPU.ActiveCfg = Debug|Any CPU
		{716A05C4-00DE-49AF-9958-4AE25B527A17}.Debug|Any CPU.Build.0 = Debug|Any CPU
		{716A05C4-00DE-49AF-9958-4AE25B527A17}.Release|Any CPU.ActiveCfg = Release|Any CPU
		{716A05C4-00DE-49AF-9958-4AE25B527A17}.Release|Any CPU.Build.0 = Release|Any CPU
		{5DD816B5-3C7A-4D67-BF78-583B210D4F3E}.Debug|Any CPU.ActiveCfg = Debug|Any CPU
		{5DD816B5-3C7A-4D67-BF78-583B210D4F3E}.Debug|Any CPU.Build.0 = Debug|Any CPU
		{5DD816B5-3C7A-4D67-BF78-583B210D4F3E}.Release|Any CPU.ActiveCfg = Release|Any CPU
		{5DD816B5-3C7A-4D67-BF78-583B210D4F3E}.Release|Any CPU.Build.0 = Release|Any CPU
	EndGlobalSection
	GlobalSection(SolutionProperties) = preSolution
		HideSolutionNode = FALSE
	EndGlobalSection
	GlobalSection(ExtensibilityGlobals) = postSolution
		SolutionGuid = {818F471D-449D-489B-A2C9-A0F23BC969ED}
	EndGlobalSection
EndGlobal
